
Microsoft Visual Studio Solution File, Format Version 12.00
# Visual Studio Version 16
VisualStudioVersion = 16.0.30204.135
MinimumVisualStudioVersion = 10.0.40219.1
Project("{8BC9CEB8-8B4A-11D0-8D11-00A0C91BC942}") = "GameBoyEmulator", "GameBoyEmulator\GameBoyEmulator.vcxproj", "{1C36CA42-5E0F-4848-9028-99FEE277C4F6}"
EndProject
Project("{8BC9CEB8-8B4A-11D0-8D11-00A0C91BC942}") = "GameBoyEmulatorTest", "GameBoyEmulatorTest\GameBoyEmulatorTest.vcxproj", "{A5E39A0E-973A-4A7B-8C5D-14DE9156CC69}"
EndProject
Global
	GlobalSection(SolutionConfigurationPlatforms) = preSolution
		Debug|x64 = Debug|x64
		Debug|x86 = Debug|x86
		Release|x64 = Release|x64
		Release|x86 = Release|x86
	EndGlobalSection
	GlobalSection(ProjectConfigurationPlatforms) = postSolution
		{1C36CA42-5E0F-4848-9028-99FEE277C4F6}.Debug|x64.ActiveCfg = Debug|x64
		{1C36CA42-5E0F-4848-9028-99FEE277C4F6}.Debug|x64.Build.0 = Debug|x64
		{1C36CA42-5E0F-4848-9028-99FEE277C4F6}.Debug|x86.ActiveCfg = Debug|x64
		{1C36CA42-5E0F-4848-9028-99FEE277C4F6}.Release|x64.ActiveCfg = Release|x64
		{1C36CA42-5E0F-4848-9028-99FEE277C4F6}.Release|x64.Build.0 = Release|x64
		{1C36CA42-5E0F-4848-9028-99FEE277C4F6}.Release|x86.ActiveCfg = Release|x64
		{A5E39A0E-973A-4A7B-8C5D-14DE9156CC69}.Debug|x64.ActiveCfg = Debug|x64
		{A5E39A0E-973A-4A7B-8C5D-14DE9156CC69}.Debug|x64.Build.0 = Debug|x64
		{A5E39A0E-973A-4A7B-8C5D-14DE9156CC69}.Debug|x86.ActiveCfg = Debug|Win32
		{A5E39A0E-973A-4A7B-8C5D-14DE9156CC69}.Debug|x86.Build.0 = Debug|Win32
		{A5E39A0E-973A-4A7B-8C5D-14DE9156CC69}.Release|x64.ActiveCfg = Release|x64
		{A5E39A0E-973A-4A7B-8C5D-14DE9156CC69}.Release|x64.Build.0 = Release|x64
		{A5E39A0E-973A-4A7B-8C5D-14DE9156CC69}.Release|x86.ActiveCfg = Release|Win32
		{A5E39A0E-973A-4A7B-8C5D-14DE9156CC69}.Release|x86.Build.0 = Release|Win32
	EndGlobalSection
	GlobalSection(SolutionProperties) = preSolution
		HideSolutionNode = FALSE
	EndGlobalSection
	GlobalSection(ExtensibilityGlobals) = postSolution
		SolutionGuid = {BDBBCB51-2162-4551-A9C0-83B79DE2F848}
	EndGlobalSection
EndGlobal
